
Microsoft Visual Studio Solution File, Format Version 12.00
# Visual Studio Version 17
VisualStudioVersion = 17.10.35013.160
MinimumVisualStudioVersion = 10.0.40219.1
Project("{FAE04EC0-301F-11D3-BF4B-00C04F79EFBC}") = "BookreviewApi", "BookreviewApi\BookreviewApi.csproj", "{734946C5-0A2B-4B71-8EAC-3E97C913BA64}"
EndProject
Global
	GlobalSection(SolutionConfigurationPlatforms) = preSolution
		Debug|Any CPU = Debug|Any CPU
		Release|Any CPU = Release|Any CPU
	EndGlobalSection
	GlobalSection(ProjectConfigurationPlatforms) = postSolution
		{734946C5-0A2B-4B71-8EAC-3E97C913BA64}.Debug|Any CPU.ActiveCfg = Debug|Any CPU
		{734946C5-0A2B-4B71-8EAC-3E97C913BA64}.Debug|Any CPU.Build.0 = Debug|Any CPU
		{734946C5-0A2B-4B71-8EAC-3E97C913BA64}.Release|Any CPU.ActiveCfg = Release|Any CPU
		{734946C5-0A2B-4B71-8EAC-3E97C913BA64}.Release|Any CPU.Build.0 = Release|Any CPU
	EndGlobalSection
	GlobalSection(SolutionProperties) = preSolution
		HideSolutionNode = FALSE
	EndGlobalSection
	GlobalSection(ExtensibilityGlobals) = postSolution
		SolutionGuid = {62DBBD8D-CF60-4791-9B61-29648D46223A}
	EndGlobalSection
EndGlobal
